
Microsoft Visual Studio Solution File, Format Version 12.00
# Visual Studio Version 17
VisualStudioVersion = 17.3.32825.248
MinimumVisualStudioVersion = 10.0.40219.1
Project("{9A19103F-16F7-4668-BE54-9A1E7A4F7556}") = "NexteLite", "NexteLite\NexteLite.csproj", "{4F8157BE-8424-4A81-80E9-64B3063FB6CE}"
EndProject
Global
	GlobalSection(SolutionConfigurationPlatforms) = preSolution
		Debug|Any CPU = Debug|Any CPU
		Release|Any CPU = Release|Any CPU
	EndGlobalSection
	GlobalSection(ProjectConfigurationPlatforms) = postSolution
		{4F8157BE-8424-4A81-80E9-64B3063FB6CE}.Debug|Any CPU.ActiveCfg = Debug|Any CPU
		{4F8157BE-8424-4A81-80E9-64B3063FB6CE}.Debug|Any CPU.Build.0 = Debug|Any CPU
		{4F8157BE-8424-4A81-80E9-64B3063FB6CE}.Release|Any CPU.ActiveCfg = Release|Any CPU
		{4F8157BE-8424-4A81-80E9-64B3063FB6CE}.Release|Any CPU.Build.0 = Release|Any CPU
		{14EBEC45-DB54-4A23-BC7A-EBFAF9795062}.Debug|Any CPU.ActiveCfg = Debug|Any CPU
		{14EBEC45-DB54-4A23-BC7A-EBFAF9795062}.Debug|Any CPU.Build.0 = Debug|Any CPU
		{14EBEC45-DB54-4A23-BC7A-EBFAF9795062}.Release|Any CPU.ActiveCfg = Release|Any CPU
		{14EBEC45-DB54-4A23-BC7A-EBFAF9795062}.Release|Any CPU.Build.0 = Release|Any CPU
	EndGlobalSection
	GlobalSection(SolutionProperties) = preSolution
		HideSolutionNode = FALSE
	EndGlobalSection
	GlobalSection(ExtensibilityGlobals) = postSolution
		SolutionGuid = {8FB87B6F-80C7-4BD4-958A-11C991359E9C}
	EndGlobalSection
EndGlobal
